// !$*UTF8*$!
{
	archiveVersion = 1;
	classes = {
	};
	objectVersion = 56;
	objects = {

/* Begin PBXBuildFile section */
		269649D72B35FA750036A3DD /* ThemeManager.swift in Sources */ = {isa = PBXBuildFile; fileRef = 269649D62B35FA750036A3DD /* ThemeManager.swift */; };
		26DDAD492B3353F5001856A6 /* ImglyApp.swift in Sources */ = {isa = PBXBuildFile; fileRef = 26DDAD482B3353F5001856A6 /* ImglyApp.swift */; };
		26DDAD4B2B3353F5001856A6 /* ContentView.swift in Sources */ = {isa = PBXBuildFile; fileRef = 26DDAD4A2B3353F5001856A6 /* ContentView.swift */; };
		26DDAD4D2B3353F7001856A6 /* Images.xcassets in Resources */ = {isa = PBXBuildFile; fileRef = 26DDAD4C2B3353F7001856A6 /* Images.xcassets */; };
		26DDAD582B34B3AB001856A6 /* Alamofire in Frameworks */ = {isa = PBXBuildFile; productRef = 26DDAD572B34B3AB001856A6 /* Alamofire */; };
		26DDAD5B2B34B463001856A6 /* Swinject in Frameworks */ = {isa = PBXBuildFile; productRef = 26DDAD5A2B34B463001856A6 /* Swinject */; };
		26DDAD672B34FE99001856A6 /* Colors.xcassets in Resources */ = {isa = PBXBuildFile; fileRef = 26DDAD662B34FE99001856A6 /* Colors.xcassets */; };
		26DDAD6B2B350206001856A6 /* Preview Assets.xcassets in Resources */ = {isa = PBXBuildFile; fileRef = 26DDAD6A2B350206001856A6 /* Preview Assets.xcassets */; };
		26DDAD712B350549001856A6 /* Inter-Bold.otf in Resources */ = {isa = PBXBuildFile; fileRef = 26DDAD6E2B350221001856A6 /* Inter-Bold.otf */; };
		26DDAD722B3505E5001856A6 /* Inter-Medium.otf in Resources */ = {isa = PBXBuildFile; fileRef = 26DDAD6D2B350221001856A6 /* Inter-Medium.otf */; };
		26DDAD732B3505E8001856A6 /* Inter-Regular.otf in Resources */ = {isa = PBXBuildFile; fileRef = 26DDAD6F2B350221001856A6 /* Inter-Regular.otf */; };
		26DDAD742B3505EB001856A6 /* Inter-SemiBold.otf in Resources */ = {isa = PBXBuildFile; fileRef = 26DDAD6C2B350221001856A6 /* Inter-SemiBold.otf */; };
		26DDAD772B3507A1001856A6 /* Constants.swift in Sources */ = {isa = PBXBuildFile; fileRef = 26DDAD762B3507A1001856A6 /* Constants.swift */; };
		26DDAD7A2B35B6BD001856A6 /* ThemeType.swift in Sources */ = {isa = PBXBuildFile; fileRef = 26DDAD792B35B6BD001856A6 /* ThemeType.swift */; };
		26DDAD7D2B35BCC0001856A6 /* ThemeProtocol.swift in Sources */ = {isa = PBXBuildFile; fileRef = 26DDAD7C2B35BCC0001856A6 /* ThemeProtocol.swift */; };
		26DDAD7F2B35BCF4001856A6 /* Themes.swift in Sources */ = {isa = PBXBuildFile; fileRef = 26DDAD7E2B35BCF4001856A6 /* Themes.swift */; };
		26FD08C12B3660100074DE59 /* ListRow.swift in Sources */ = {isa = PBXBuildFile; fileRef = 26FD08C02B3660100074DE59 /* ListRow.swift */; };
		26FD08C32B3660920074DE59 /* ThemeSettings.swift in Sources */ = {isa = PBXBuildFile; fileRef = 26FD08C22B3660920074DE59 /* ThemeSettings.swift */; };
		26FD08C52B3660E00074DE59 /* ListContainer.swift in Sources */ = {isa = PBXBuildFile; fileRef = 26FD08C42B3660E00074DE59 /* ListContainer.swift */; };
		26FD08D22B3734C30074DE59 /* Localizable.xcstrings in Resources */ = {isa = PBXBuildFile; fileRef = 26FD08D12B3734C30074DE59 /* Localizable.xcstrings */; };
		26FD08D52B3739500074DE59 /* LocalizationKeys.swift in Sources */ = {isa = PBXBuildFile; fileRef = 26FD08D42B3739500074DE59 /* LocalizationKeys.swift */; };
		26FD08D92B3747B50074DE59 /* NetworkService.swift in Sources */ = {isa = PBXBuildFile; fileRef = 26FD08D82B3747B50074DE59 /* NetworkService.swift */; };
		26FD08DC2B374DB30074DE59 /* Request.swift in Sources */ = {isa = PBXBuildFile; fileRef = 26FD08DB2B374DB30074DE59 /* Request.swift */; };
		26FD08DE2B374E540074DE59 /* ListRequest.swift in Sources */ = {isa = PBXBuildFile; fileRef = 26FD08DD2B374E540074DE59 /* ListRequest.swift */; };
		26FD08E02B374EA60074DE59 /* NetworkError.swift in Sources */ = {isa = PBXBuildFile; fileRef = 26FD08DF2B374EA60074DE59 /* NetworkError.swift */; };
		26FD08E22B374F940074DE59 /* DetailRequest.swift in Sources */ = {isa = PBXBuildFile; fileRef = 26FD08E12B374F940074DE59 /* DetailRequest.swift */; };
		26FD08E52B3752A70074DE59 /* ListModel.swift in Sources */ = {isa = PBXBuildFile; fileRef = 26FD08E42B3752A70074DE59 /* ListModel.swift */; };
		26FD09042B37800B0074DE59 /* FirstAppearModifier.swift in Sources */ = {isa = PBXBuildFile; fileRef = 26FD09032B37800B0074DE59 /* FirstAppearModifier.swift */; };
		26FD09062B3784280074DE59 /* ThemeSettingsButton.swift in Sources */ = {isa = PBXBuildFile; fileRef = 26FD09052B3784280074DE59 /* ThemeSettingsButton.swift */; };
		26FD09082B3787F30074DE59 /* ListViewModel.swift in Sources */ = {isa = PBXBuildFile; fileRef = 26FD09072B3787F30074DE59 /* ListViewModel.swift */; };
		26FD090B2B378A6D0074DE59 /* Injection.swift in Sources */ = {isa = PBXBuildFile; fileRef = 26FD090A2B378A6D0074DE59 /* Injection.swift */; };
		26FD090D2B378AAD0074DE59 /* Injected.swift in Sources */ = {isa = PBXBuildFile; fileRef = 26FD090C2B378AAD0074DE59 /* Injected.swift */; };
		26FD090F2B379FCC0074DE59 /* ItemsList.swift in Sources */ = {isa = PBXBuildFile; fileRef = 26FD090E2B379FCC0074DE59 /* ItemsList.swift */; };
		26FD09112B38D1C40074DE59 /* AppNavigationBarModifier.swift in Sources */ = {isa = PBXBuildFile; fileRef = 26FD09102B38D1C40074DE59 /* AppNavigationBarModifier.swift */; };
		26FD09132B38E0EA0074DE59 /* ListRowModifier.swift in Sources */ = {isa = PBXBuildFile; fileRef = 26FD09122B38E0EA0074DE59 /* ListRowModifier.swift */; };
/* End PBXBuildFile section */

/* Begin PBXFileReference section */
		269649D62B35FA750036A3DD /* ThemeManager.swift */ = {isa = PBXFileReference; lastKnownFileType = sourcecode.swift; path = ThemeManager.swift; sourceTree = "<group>"; };
		26DDAD452B3353F5001856A6 /* Imgly.app */ = {isa = PBXFileReference; explicitFileType = wrapper.application; includeInIndex = 0; path = Imgly.app; sourceTree = BUILT_PRODUCTS_DIR; };
		26DDAD482B3353F5001856A6 /* ImglyApp.swift */ = {isa = PBXFileReference; lastKnownFileType = sourcecode.swift; path = ImglyApp.swift; sourceTree = "<group>"; };
		26DDAD4A2B3353F5001856A6 /* ContentView.swift */ = {isa = PBXFileReference; lastKnownFileType = sourcecode.swift; path = ContentView.swift; sourceTree = "<group>"; };
		26DDAD4C2B3353F7001856A6 /* Images.xcassets */ = {isa = PBXFileReference; lastKnownFileType = folder.assetcatalog; path = Images.xcassets; sourceTree = "<group>"; };
		26DDAD662B34FE99001856A6 /* Colors.xcassets */ = {isa = PBXFileReference; lastKnownFileType = folder.assetcatalog; path = Colors.xcassets; sourceTree = "<group>"; };
		26DDAD6A2B350206001856A6 /* Preview Assets.xcassets */ = {isa = PBXFileReference; lastKnownFileType = folder.assetcatalog; path = "Preview Assets.xcassets"; sourceTree = "<group>"; };
		26DDAD6C2B350221001856A6 /* Inter-SemiBold.otf */ = {isa = PBXFileReference; lastKnownFileType = file; path = "Inter-SemiBold.otf"; sourceTree = "<group>"; };
		26DDAD6D2B350221001856A6 /* Inter-Medium.otf */ = {isa = PBXFileReference; lastKnownFileType = file; path = "Inter-Medium.otf"; sourceTree = "<group>"; };
		26DDAD6E2B350221001856A6 /* Inter-Bold.otf */ = {isa = PBXFileReference; lastKnownFileType = file; path = "Inter-Bold.otf"; sourceTree = "<group>"; };
		26DDAD6F2B350221001856A6 /* Inter-Regular.otf */ = {isa = PBXFileReference; lastKnownFileType = file; path = "Inter-Regular.otf"; sourceTree = "<group>"; };
		26DDAD702B3503B9001856A6 /* Info.plist */ = {isa = PBXFileReference; lastKnownFileType = text.plist.xml; path = Info.plist; sourceTree = "<group>"; };
		26DDAD762B3507A1001856A6 /* Constants.swift */ = {isa = PBXFileReference; lastKnownFileType = sourcecode.swift; path = Constants.swift; sourceTree = "<group>"; };
		26DDAD792B35B6BD001856A6 /* ThemeType.swift */ = {isa = PBXFileReference; lastKnownFileType = sourcecode.swift; path = ThemeType.swift; sourceTree = "<group>"; };
		26DDAD7C2B35BCC0001856A6 /* ThemeProtocol.swift */ = {isa = PBXFileReference; lastKnownFileType = sourcecode.swift; path = ThemeProtocol.swift; sourceTree = "<group>"; };
		26DDAD7E2B35BCF4001856A6 /* Themes.swift */ = {isa = PBXFileReference; lastKnownFileType = sourcecode.swift; path = Themes.swift; sourceTree = "<group>"; };
		26FD08C02B3660100074DE59 /* ListRow.swift */ = {isa = PBXFileReference; lastKnownFileType = sourcecode.swift; path = ListRow.swift; sourceTree = "<group>"; };
		26FD08C22B3660920074DE59 /* ThemeSettings.swift */ = {isa = PBXFileReference; lastKnownFileType = sourcecode.swift; path = ThemeSettings.swift; sourceTree = "<group>"; };
		26FD08C42B3660E00074DE59 /* ListContainer.swift */ = {isa = PBXFileReference; lastKnownFileType = sourcecode.swift; path = ListContainer.swift; sourceTree = "<group>"; };
		26FD08D12B3734C30074DE59 /* Localizable.xcstrings */ = {isa = PBXFileReference; lastKnownFileType = text.json.xcstrings; path = Localizable.xcstrings; sourceTree = "<group>"; };
		26FD08D42B3739500074DE59 /* LocalizationKeys.swift */ = {isa = PBXFileReference; lastKnownFileType = sourcecode.swift; path = LocalizationKeys.swift; sourceTree = "<group>"; };
		26FD08D82B3747B50074DE59 /* NetworkService.swift */ = {isa = PBXFileReference; lastKnownFileType = sourcecode.swift; path = NetworkService.swift; sourceTree = "<group>"; };
		26FD08DB2B374DB30074DE59 /* Request.swift */ = {isa = PBXFileReference; fileEncoding = 4; lastKnownFileType = sourcecode.swift; path = Request.swift; sourceTree = "<group>"; };
		26FD08DD2B374E540074DE59 /* ListRequest.swift */ = {isa = PBXFileReference; lastKnownFileType = sourcecode.swift; path = ListRequest.swift; sourceTree = "<group>"; };
		26FD08DF2B374EA60074DE59 /* NetworkError.swift */ = {isa = PBXFileReference; lastKnownFileType = sourcecode.swift; path = NetworkError.swift; sourceTree = "<group>"; };
		26FD08E12B374F940074DE59 /* DetailRequest.swift */ = {isa = PBXFileReference; lastKnownFileType = sourcecode.swift; path = DetailRequest.swift; sourceTree = "<group>"; };
		26FD08E42B3752A70074DE59 /* ListModel.swift */ = {isa = PBXFileReference; lastKnownFileType = sourcecode.swift; path = ListModel.swift; sourceTree = "<group>"; };
		26FD09032B37800B0074DE59 /* FirstAppearModifier.swift */ = {isa = PBXFileReference; lastKnownFileType = sourcecode.swift; path = FirstAppearModifier.swift; sourceTree = "<group>"; };
		26FD09052B3784280074DE59 /* ThemeSettingsButton.swift */ = {isa = PBXFileReference; lastKnownFileType = sourcecode.swift; path = ThemeSettingsButton.swift; sourceTree = "<group>"; };
		26FD09072B3787F30074DE59 /* ListViewModel.swift */ = {isa = PBXFileReference; lastKnownFileType = sourcecode.swift; path = ListViewModel.swift; sourceTree = "<group>"; };
		26FD090A2B378A6D0074DE59 /* Injection.swift */ = {isa = PBXFileReference; lastKnownFileType = sourcecode.swift; path = Injection.swift; sourceTree = "<group>"; };
		26FD090C2B378AAD0074DE59 /* Injected.swift */ = {isa = PBXFileReference; lastKnownFileType = sourcecode.swift; path = Injected.swift; sourceTree = "<group>"; };
		26FD090E2B379FCC0074DE59 /* ItemsList.swift */ = {isa = PBXFileReference; lastKnownFileType = sourcecode.swift; path = ItemsList.swift; sourceTree = "<group>"; };
		26FD09102B38D1C40074DE59 /* AppNavigationBarModifier.swift */ = {isa = PBXFileReference; lastKnownFileType = sourcecode.swift; path = AppNavigationBarModifier.swift; sourceTree = "<group>"; };
		26FD09122B38E0EA0074DE59 /* ListRowModifier.swift */ = {isa = PBXFileReference; lastKnownFileType = sourcecode.swift; path = ListRowModifier.swift; sourceTree = "<group>"; };
/* End PBXFileReference section */

/* Begin PBXFrameworksBuildPhase section */
		26DDAD422B3353F5001856A6 /* Frameworks */ = {
			isa = PBXFrameworksBuildPhase;
			buildActionMask = 2147483647;
			files = (
				26DDAD582B34B3AB001856A6 /* Alamofire in Frameworks */,
				26DDAD5B2B34B463001856A6 /* Swinject in Frameworks */,
			);
			runOnlyForDeploymentPostprocessing = 0;
		};
/* End PBXFrameworksBuildPhase section */

/* Begin PBXGroup section */
		26DDAD3C2B3353F5001856A6 = {
			isa = PBXGroup;
			children = (
				26DDAD472B3353F5001856A6 /* Imgly */,
				26DDAD462B3353F5001856A6 /* Products */,
			);
			sourceTree = "<group>";
		};
		26DDAD462B3353F5001856A6 /* Products */ = {
			isa = PBXGroup;
			children = (
				26DDAD452B3353F5001856A6 /* Imgly.app */,
			);
			name = Products;
			sourceTree = "<group>";
		};
		26DDAD472B3353F5001856A6 /* Imgly */ = {
			isa = PBXGroup;
			children = (
				26DDAD652B34FE5A001856A6 /* SupportingFiles */,
				26DDAD632B34FE38001856A6 /* App */,
				26FD08E32B3752830074DE59 /* Models */,
				26DDAD642B34FE3F001856A6 /* Views */,
				26FD08E62B3752BD0074DE59 /* ViewModels */,
				26FD08D62B37472D0074DE59 /* Services */,
				26DDAD782B35B6A4001856A6 /* Managers */,
				26FD09012B377FB20074DE59 /* Utilities */,
				26DDAD752B350769001856A6 /* Constants */,
				26FD08C82B37328F0074DE59 /* Localization */,
				26DDAD682B3501A7001856A6 /* Fonts */,
				26DDAD692B3501E0001856A6 /* Preview Content */,
			);
			path = Imgly;
			sourceTree = "<group>";
		};
		26DDAD632B34FE38001856A6 /* App */ = {
			isa = PBXGroup;
			children = (
				26DDAD482B3353F5001856A6 /* ImglyApp.swift */,
			);
			path = App;
			sourceTree = "<group>";
		};
		26DDAD642B34FE3F001856A6 /* Views */ = {
			isa = PBXGroup;
			children = (
				26DDAD4A2B3353F5001856A6 /* ContentView.swift */,
				26FD08C42B3660E00074DE59 /* ListContainer.swift */,
				26FD090E2B379FCC0074DE59 /* ItemsList.swift */,
				26FD08C02B3660100074DE59 /* ListRow.swift */,
				26FD08C22B3660920074DE59 /* ThemeSettings.swift */,
				26FD09052B3784280074DE59 /* ThemeSettingsButton.swift */,
			);
			path = Views;
			sourceTree = "<group>";
		};
		26DDAD652B34FE5A001856A6 /* SupportingFiles */ = {
			isa = PBXGroup;
			children = (
				26DDAD702B3503B9001856A6 /* Info.plist */,
				26DDAD4C2B3353F7001856A6 /* Images.xcassets */,
				26DDAD662B34FE99001856A6 /* Colors.xcassets */,
			);
			path = SupportingFiles;
			sourceTree = "<group>";
		};
		26DDAD682B3501A7001856A6 /* Fonts */ = {
			isa = PBXGroup;
			children = (
				26DDAD6E2B350221001856A6 /* Inter-Bold.otf */,
				26DDAD6D2B350221001856A6 /* Inter-Medium.otf */,
				26DDAD6F2B350221001856A6 /* Inter-Regular.otf */,
				26DDAD6C2B350221001856A6 /* Inter-SemiBold.otf */,
			);
			path = Fonts;
			sourceTree = "<group>";
		};
		26DDAD692B3501E0001856A6 /* Preview Content */ = {
			isa = PBXGroup;
			children = (
				26DDAD6A2B350206001856A6 /* Preview Assets.xcassets */,
			);
			path = "Preview Content";
			sourceTree = "<group>";
		};
		26DDAD752B350769001856A6 /* Constants */ = {
			isa = PBXGroup;
			children = (
				26DDAD762B3507A1001856A6 /* Constants.swift */,
			);
			path = Constants;
			sourceTree = "<group>";
		};
		26DDAD782B35B6A4001856A6 /* Managers */ = {
			isa = PBXGroup;
			children = (
				26DDAD7B2B35BC92001856A6 /* ThemeManager */,
			);
			path = Managers;
			sourceTree = "<group>";
		};
		26DDAD7B2B35BC92001856A6 /* ThemeManager */ = {
			isa = PBXGroup;
			children = (
				269649D62B35FA750036A3DD /* ThemeManager.swift */,
				26DDAD792B35B6BD001856A6 /* ThemeType.swift */,
				26DDAD7C2B35BCC0001856A6 /* ThemeProtocol.swift */,
				26DDAD7E2B35BCF4001856A6 /* Themes.swift */,
			);
			path = ThemeManager;
			sourceTree = "<group>";
		};
		26FD08C82B37328F0074DE59 /* Localization */ = {
			isa = PBXGroup;
			children = (
				26FD08D42B3739500074DE59 /* LocalizationKeys.swift */,
				26FD08D12B3734C30074DE59 /* Localizable.xcstrings */,
			);
			path = Localization;
			sourceTree = "<group>";
		};
		26FD08D62B37472D0074DE59 /* Services */ = {
			isa = PBXGroup;
			children = (
				26FD08D72B37474A0074DE59 /* NetworkService */,
			);
			path = Services;
			sourceTree = "<group>";
		};
		26FD08D72B37474A0074DE59 /* NetworkService */ = {
			isa = PBXGroup;
			children = (
				26FD08DA2B374DA60074DE59 /* DataRequest */,
				26FD08D82B3747B50074DE59 /* NetworkService.swift */,
				26FD08DF2B374EA60074DE59 /* NetworkError.swift */,
			);
			path = NetworkService;
			sourceTree = "<group>";
		};
		26FD08DA2B374DA60074DE59 /* DataRequest */ = {
			isa = PBXGroup;
			children = (
				26FD08DB2B374DB30074DE59 /* Request.swift */,
				26FD08DD2B374E540074DE59 /* ListRequest.swift */,
				26FD08E12B374F940074DE59 /* DetailRequest.swift */,
			);
			path = DataRequest;
			sourceTree = "<group>";
		};
		26FD08E32B3752830074DE59 /* Models */ = {
			isa = PBXGroup;
			children = (
				26FD08E42B3752A70074DE59 /* ListModel.swift */,
			);
			path = Models;
			sourceTree = "<group>";
		};
		26FD08E62B3752BD0074DE59 /* ViewModels */ = {
			isa = PBXGroup;
			children = (
				26FD09072B3787F30074DE59 /* ListViewModel.swift */,
			);
			path = ViewModels;
			sourceTree = "<group>";
		};
		26FD09012B377FB20074DE59 /* Utilities */ = {
			isa = PBXGroup;
			children = (
				26FD09092B378A340074DE59 /* DI */,
				26FD09022B377FC80074DE59 /* UIModifiers */,
			);
			path = Utilities;
			sourceTree = "<group>";
		};
		26FD09022B377FC80074DE59 /* UIModifiers */ = {
			isa = PBXGroup;
			children = (
				26FD09032B37800B0074DE59 /* FirstAppearModifier.swift */,
				26FD09102B38D1C40074DE59 /* AppNavigationBarModifier.swift */,
				26FD09122B38E0EA0074DE59 /* ListRowModifier.swift */,
			);
			path = UIModifiers;
			sourceTree = "<group>";
		};
		26FD09092B378A340074DE59 /* DI */ = {
			isa = PBXGroup;
			children = (
				26FD090A2B378A6D0074DE59 /* Injection.swift */,
				26FD090C2B378AAD0074DE59 /* Injected.swift */,
			);
			path = DI;
			sourceTree = "<group>";
		};
/* End PBXGroup section */

/* Begin PBXNativeTarget section */
		26DDAD442B3353F5001856A6 /* Imgly */ = {
			isa = PBXNativeTarget;
			buildConfigurationList = 26DDAD532B3353F7001856A6 /* Build configuration list for PBXNativeTarget "Imgly" */;
			buildPhases = (
				26DDAD412B3353F5001856A6 /* Sources */,
				26DDAD422B3353F5001856A6 /* Frameworks */,
				26DDAD432B3353F5001856A6 /* Resources */,
				26DDAD622B34BDE7001856A6 /* ShellScript */,
			);
			buildRules = (
			);
			dependencies = (
			);
			name = Imgly;
			packageProductDependencies = (
				26DDAD572B34B3AB001856A6 /* Alamofire */,
				26DDAD5A2B34B463001856A6 /* Swinject */,
			);
			productName = Imgly;
			productReference = 26DDAD452B3353F5001856A6 /* Imgly.app */;
			productType = "com.apple.product-type.application";
		};
/* End PBXNativeTarget section */

/* Begin PBXProject section */
		26DDAD3D2B3353F5001856A6 /* Project object */ = {
			isa = PBXProject;
			attributes = {
				BuildIndependentTargetsInParallel = 1;
				LastSwiftUpdateCheck = 1500;
				LastUpgradeCheck = 1500;
				TargetAttributes = {
					26DDAD442B3353F5001856A6 = {
						CreatedOnToolsVersion = 15.0;
					};
				};
			};
			buildConfigurationList = 26DDAD402B3353F5001856A6 /* Build configuration list for PBXProject "Imgly" */;
			compatibilityVersion = "Xcode 14.0";
			developmentRegion = en;
			hasScannedForEncodings = 0;
			knownRegions = (
				en,
				Base,
			);
			mainGroup = 26DDAD3C2B3353F5001856A6;
			packageReferences = (
				26DDAD562B34B3AB001856A6 /* XCRemoteSwiftPackageReference "Alamofire" */,
				26DDAD592B34B463001856A6 /* XCRemoteSwiftPackageReference "Swinject" */,
			);
			productRefGroup = 26DDAD462B3353F5001856A6 /* Products */;
			projectDirPath = "";
			projectRoot = "";
			targets = (
				26DDAD442B3353F5001856A6 /* Imgly */,
			);
		};
/* End PBXProject section */

/* Begin PBXResourcesBuildPhase section */
		26DDAD432B3353F5001856A6 /* Resources */ = {
			isa = PBXResourcesBuildPhase;
			buildActionMask = 2147483647;
			files = (
				26DDAD672B34FE99001856A6 /* Colors.xcassets in Resources */,
				26DDAD742B3505EB001856A6 /* Inter-SemiBold.otf in Resources */,
				26DDAD732B3505E8001856A6 /* Inter-Regular.otf in Resources */,
				26DDAD712B350549001856A6 /* Inter-Bold.otf in Resources */,
				26DDAD6B2B350206001856A6 /* Preview Assets.xcassets in Resources */,
				26DDAD722B3505E5001856A6 /* Inter-Medium.otf in Resources */,
				26DDAD4D2B3353F7001856A6 /* Images.xcassets in Resources */,
				26FD08D22B3734C30074DE59 /* Localizable.xcstrings in Resources */,
			);
			runOnlyForDeploymentPostprocessing = 0;
		};
/* End PBXResourcesBuildPhase section */

/* Begin PBXShellScriptBuildPhase section */
		26DDAD622B34BDE7001856A6 /* ShellScript */ = {
			isa = PBXShellScriptBuildPhase;
			alwaysOutOfDate = 1;
			buildActionMask = 2147483647;
			files = (
			);
			inputFileListPaths = (
			);
			inputPaths = (
			);
			outputFileListPaths = (
			);
			outputPaths = (
			);
			runOnlyForDeploymentPostprocessing = 0;
			shellPath = /bin/sh;
			shellScript = "if [[ \"$(uname -m)\" == arm64 ]]; then\n    export PATH=\"/opt/homebrew/bin:$PATH\"\nfi\n\nif which swiftlint > /dev/null; then\n  swiftlint\nelse\n  echo \"warning: SwiftLint not installed, download from https://github.com/realm/SwiftLint\"\nfi\n";
		};
/* End PBXShellScriptBuildPhase section */

/* Begin PBXSourcesBuildPhase section */
		26DDAD412B3353F5001856A6 /* Sources */ = {
			isa = PBXSourcesBuildPhase;
			buildActionMask = 2147483647;
			files = (
				26FD090B2B378A6D0074DE59 /* Injection.swift in Sources */,
				26DDAD4B2B3353F5001856A6 /* ContentView.swift in Sources */,
				26FD08DC2B374DB30074DE59 /* Request.swift in Sources */,
				26FD090D2B378AAD0074DE59 /* Injected.swift in Sources */,
				26DDAD7F2B35BCF4001856A6 /* Themes.swift in Sources */,
				26FD08D52B3739500074DE59 /* LocalizationKeys.swift in Sources */,
				26DDAD492B3353F5001856A6 /* ImglyApp.swift in Sources */,
				26FD08C32B3660920074DE59 /* ThemeSettings.swift in Sources */,
				26DDAD7D2B35BCC0001856A6 /* ThemeProtocol.swift in Sources */,
				26FD09042B37800B0074DE59 /* FirstAppearModifier.swift in Sources */,
				26FD08DE2B374E540074DE59 /* ListRequest.swift in Sources */,
				26FD09062B3784280074DE59 /* ThemeSettingsButton.swift in Sources */,
				26FD09082B3787F30074DE59 /* ListViewModel.swift in Sources */,
				26FD08C12B3660100074DE59 /* ListRow.swift in Sources */,
				26FD09132B38E0EA0074DE59 /* ListRowModifier.swift in Sources */,
				26FD08E02B374EA60074DE59 /* NetworkError.swift in Sources */,
				26FD08E52B3752A70074DE59 /* ListModel.swift in Sources */,
				26FD08E22B374F940074DE59 /* DetailRequest.swift in Sources */,
				26DDAD772B3507A1001856A6 /* Constants.swift in Sources */,
				26FD090F2B379FCC0074DE59 /* ItemsList.swift in Sources */,
				26DDAD7A2B35B6BD001856A6 /* ThemeType.swift in Sources */,
				26FD09112B38D1C40074DE59 /* AppNavigationBarModifier.swift in Sources */,
				26FD08C52B3660E00074DE59 /* ListContainer.swift in Sources */,
				26FD08D92B3747B50074DE59 /* NetworkService.swift in Sources */,
				269649D72B35FA750036A3DD /* ThemeManager.swift in Sources */,
			);
			runOnlyForDeploymentPostprocessing = 0;
		};
/* End PBXSourcesBuildPhase section */

/* Begin XCBuildConfiguration section */
		26DDAD512B3353F7001856A6 /* Debug */ = {
			isa = XCBuildConfiguration;
			buildSettings = {
				ALWAYS_SEARCH_USER_PATHS = NO;
				ASSETCATALOG_COMPILER_GENERATE_SWIFT_ASSET_SYMBOL_EXTENSIONS = YES;
				CLANG_ANALYZER_NONNULL = YES;
				CLANG_ANALYZER_NUMBER_OBJECT_CONVERSION = YES_AGGRESSIVE;
				CLANG_CXX_LANGUAGE_STANDARD = "gnu++20";
				CLANG_ENABLE_MODULES = YES;
				CLANG_ENABLE_OBJC_ARC = YES;
				CLANG_ENABLE_OBJC_WEAK = YES;
				CLANG_WARN_BLOCK_CAPTURE_AUTORELEASING = YES;
				CLANG_WARN_BOOL_CONVERSION = YES;
				CLANG_WARN_COMMA = YES;
				CLANG_WARN_CONSTANT_CONVERSION = YES;
				CLANG_WARN_DEPRECATED_OBJC_IMPLEMENTATIONS = YES;
				CLANG_WARN_DIRECT_OBJC_ISA_USAGE = YES_ERROR;
				CLANG_WARN_DOCUMENTATION_COMMENTS = YES;
				CLANG_WARN_EMPTY_BODY = YES;
				CLANG_WARN_ENUM_CONVERSION = YES;
				CLANG_WARN_INFINITE_RECURSION = YES;
				CLANG_WARN_INT_CONVERSION = YES;
				CLANG_WARN_NON_LITERAL_NULL_CONVERSION = YES;
				CLANG_WARN_OBJC_IMPLICIT_RETAIN_SELF = YES;
				CLANG_WARN_OBJC_LITERAL_CONVERSION = YES;
				CLANG_WARN_OBJC_ROOT_CLASS = YES_ERROR;
				CLANG_WARN_QUOTED_INCLUDE_IN_FRAMEWORK_HEADER = YES;
				CLANG_WARN_RANGE_LOOP_ANALYSIS = YES;
				CLANG_WARN_STRICT_PROTOTYPES = YES;
				CLANG_WARN_SUSPICIOUS_MOVE = YES;
				CLANG_WARN_UNGUARDED_AVAILABILITY = YES_AGGRESSIVE;
				CLANG_WARN_UNREACHABLE_CODE = YES;
				CLANG_WARN__DUPLICATE_METHOD_MATCH = YES;
				COPY_PHASE_STRIP = NO;
				DEBUG_INFORMATION_FORMAT = dwarf;
				ENABLE_STRICT_OBJC_MSGSEND = YES;
				ENABLE_TESTABILITY = YES;
				ENABLE_USER_SCRIPT_SANDBOXING = YES;
				GCC_C_LANGUAGE_STANDARD = gnu17;
				GCC_DYNAMIC_NO_PIC = NO;
				GCC_NO_COMMON_BLOCKS = YES;
				GCC_OPTIMIZATION_LEVEL = 0;
				GCC_PREPROCESSOR_DEFINITIONS = (
					"DEBUG=1",
					"$(inherited)",
				);
				GCC_WARN_64_TO_32_BIT_CONVERSION = YES;
				GCC_WARN_ABOUT_RETURN_TYPE = YES_ERROR;
				GCC_WARN_UNDECLARED_SELECTOR = YES;
				GCC_WARN_UNINITIALIZED_AUTOS = YES_AGGRESSIVE;
				GCC_WARN_UNUSED_FUNCTION = YES;
				GCC_WARN_UNUSED_VARIABLE = YES;
				IPHONEOS_DEPLOYMENT_TARGET = 17.0;
				LOCALIZATION_PREFERS_STRING_CATALOGS = YES;
				MTL_ENABLE_DEBUG_INFO = INCLUDE_SOURCE;
				MTL_FAST_MATH = YES;
				ONLY_ACTIVE_ARCH = YES;
				SDKROOT = iphoneos;
				SWIFT_ACTIVE_COMPILATION_CONDITIONS = "DEBUG $(inherited)";
				SWIFT_OPTIMIZATION_LEVEL = "-Onone";
			};
			name = Debug;
		};
		26DDAD522B3353F7001856A6 /* Release */ = {
			isa = XCBuildConfiguration;
			buildSettings = {
				ALWAYS_SEARCH_USER_PATHS = NO;
				ASSETCATALOG_COMPILER_GENERATE_SWIFT_ASSET_SYMBOL_EXTENSIONS = YES;
				CLANG_ANALYZER_NONNULL = YES;
				CLANG_ANALYZER_NUMBER_OBJECT_CONVERSION = YES_AGGRESSIVE;
				CLANG_CXX_LANGUAGE_STANDARD = "gnu++20";
				CLANG_ENABLE_MODULES = YES;
				CLANG_ENABLE_OBJC_ARC = YES;
				CLANG_ENABLE_OBJC_WEAK = YES;
				CLANG_WARN_BLOCK_CAPTURE_AUTORELEASING = YES;
				CLANG_WARN_BOOL_CONVERSION = YES;
				CLANG_WARN_COMMA = YES;
				CLANG_WARN_CONSTANT_CONVERSION = YES;
				CLANG_WARN_DEPRECATED_OBJC_IMPLEMENTATIONS = YES;
				CLANG_WARN_DIRECT_OBJC_ISA_USAGE = YES_ERROR;
				CLANG_WARN_DOCUMENTATION_COMMENTS = YES;
				CLANG_WARN_EMPTY_BODY = YES;
				CLANG_WARN_ENUM_CONVERSION = YES;
				CLANG_WARN_INFINITE_RECURSION = YES;
				CLANG_WARN_INT_CONVERSION = YES;
				CLANG_WARN_NON_LITERAL_NULL_CONVERSION = YES;
				CLANG_WARN_OBJC_IMPLICIT_RETAIN_SELF = YES;
				CLANG_WARN_OBJC_LITERAL_CONVERSION = YES;
				CLANG_WARN_OBJC_ROOT_CLASS = YES_ERROR;
				CLANG_WARN_QUOTED_INCLUDE_IN_FRAMEWORK_HEADER = YES;
				CLANG_WARN_RANGE_LOOP_ANALYSIS = YES;
				CLANG_WARN_STRICT_PROTOTYPES = YES;
				CLANG_WARN_SUSPICIOUS_MOVE = YES;
				CLANG_WARN_UNGUARDED_AVAILABILITY = YES_AGGRESSIVE;
				CLANG_WARN_UNREACHABLE_CODE = YES;
				CLANG_WARN__DUPLICATE_METHOD_MATCH = YES;
				COPY_PHASE_STRIP = NO;
				DEBUG_INFORMATION_FORMAT = "dwarf-with-dsym";
				ENABLE_NS_ASSERTIONS = NO;
				ENABLE_STRICT_OBJC_MSGSEND = YES;
				ENABLE_USER_SCRIPT_SANDBOXING = YES;
				GCC_C_LANGUAGE_STANDARD = gnu17;
				GCC_NO_COMMON_BLOCKS = YES;
				GCC_WARN_64_TO_32_BIT_CONVERSION = YES;
				GCC_WARN_ABOUT_RETURN_TYPE = YES_ERROR;
				GCC_WARN_UNDECLARED_SELECTOR = YES;
				GCC_WARN_UNINITIALIZED_AUTOS = YES_AGGRESSIVE;
				GCC_WARN_UNUSED_FUNCTION = YES;
				GCC_WARN_UNUSED_VARIABLE = YES;
				IPHONEOS_DEPLOYMENT_TARGET = 17.0;
				LOCALIZATION_PREFERS_STRING_CATALOGS = YES;
				MTL_ENABLE_DEBUG_INFO = NO;
				MTL_FAST_MATH = YES;
				SDKROOT = iphoneos;
				SWIFT_COMPILATION_MODE = wholemodule;
				VALIDATE_PRODUCT = YES;
			};
			name = Release;
		};
		26DDAD542B3353F7001856A6 /* Debug */ = {
			isa = XCBuildConfiguration;
			buildSettings = {
				ASSETCATALOG_COMPILER_APPICON_NAME = AppIcon;
				ASSETCATALOG_COMPILER_GLOBAL_ACCENT_COLOR_NAME = AccentColor;
				CODE_SIGN_STYLE = Automatic;
				CURRENT_PROJECT_VERSION = 1;
				DEVELOPMENT_ASSET_PATHS = "\"Imgly/Preview Content\"";
				ENABLE_PREVIEWS = YES;
				ENABLE_USER_SCRIPT_SANDBOXING = NO;
				GENERATE_INFOPLIST_FILE = YES;
				INFOPLIST_FILE = Imgly/SupportingFiles/Info.plist;
				INFOPLIST_KEY_UIApplicationSceneManifest_Generation = YES;
				INFOPLIST_KEY_UIApplicationSupportsIndirectInputEvents = YES;
				INFOPLIST_KEY_UILaunchScreen_Generation = YES;
				INFOPLIST_KEY_UISupportedInterfaceOrientations = UIInterfaceOrientationPortrait;
				IPHONEOS_DEPLOYMENT_TARGET = 16.0;
				LD_RUNPATH_SEARCH_PATHS = (
					"$(inherited)",
					"@executable_path/Frameworks",
				);
				MARKETING_VERSION = 1.0;
				PRODUCT_BUNDLE_IDENTIFIER = Hayrapetyan.Imgly;
				PRODUCT_NAME = "$(TARGET_NAME)";
				SWIFT_EMIT_LOC_STRINGS = YES;
				SWIFT_VERSION = 5.0;
				TARGETED_DEVICE_FAMILY = "1,2";
			};
			name = Debug;
		};
		26DDAD552B3353F7001856A6 /* Release */ = {
			isa = XCBuildConfiguration;
			buildSettings = {
				ASSETCATALOG_COMPILER_APPICON_NAME = AppIcon;
				ASSETCATALOG_COMPILER_GLOBAL_ACCENT_COLOR_NAME = AccentColor;
				CODE_SIGN_STYLE = Automatic;
				CURRENT_PROJECT_VERSION = 1;
				DEVELOPMENT_ASSET_PATHS = "\"Imgly/Preview Content\"";
				ENABLE_PREVIEWS = YES;
				ENABLE_USER_SCRIPT_SANDBOXING = NO;
				GENERATE_INFOPLIST_FILE = YES;
				INFOPLIST_FILE = Imgly/SupportingFiles/Info.plist;
				INFOPLIST_KEY_UIApplicationSceneManifest_Generation = YES;
				INFOPLIST_KEY_UIApplicationSupportsIndirectInputEvents = YES;
				INFOPLIST_KEY_UILaunchScreen_Generation = YES;
				INFOPLIST_KEY_UISupportedInterfaceOrientations = UIInterfaceOrientationPortrait;
				IPHONEOS_DEPLOYMENT_TARGET = 16.0;
				LD_RUNPATH_SEARCH_PATHS = (
					"$(inherited)",
					"@executable_path/Frameworks",
				);
				MARKETING_VERSION = 1.0;
				PRODUCT_BUNDLE_IDENTIFIER = Hayrapetyan.Imgly;
				PRODUCT_NAME = "$(TARGET_NAME)";
				SWIFT_EMIT_LOC_STRINGS = YES;
				SWIFT_VERSION = 5.0;
				TARGETED_DEVICE_FAMILY = "1,2";
			};
			name = Release;
		};
/* End XCBuildConfiguration section */

/* Begin XCConfigurationList section */
		26DDAD402B3353F5001856A6 /* Build configuration list for PBXProject "Imgly" */ = {
			isa = XCConfigurationList;
			buildConfigurations = (
				26DDAD512B3353F7001856A6 /* Debug */,
				26DDAD522B3353F7001856A6 /* Release */,
			);
			defaultConfigurationIsVisible = 0;
			defaultConfigurationName = Release;
		};
		26DDAD532B3353F7001856A6 /* Build configuration list for PBXNativeTarget "Imgly" */ = {
			isa = XCConfigurationList;
			buildConfigurations = (
				26DDAD542B3353F7001856A6 /* Debug */,
				26DDAD552B3353F7001856A6 /* Release */,
			);
			defaultConfigurationIsVisible = 0;
			defaultConfigurationName = Release;
		};
/* End XCConfigurationList section */

/* Begin XCRemoteSwiftPackageReference section */
		26DDAD562B34B3AB001856A6 /* XCRemoteSwiftPackageReference "Alamofire" */ = {
			isa = XCRemoteSwiftPackageReference;
			repositoryURL = "https://github.com/Alamofire/Alamofire.git";
			requirement = {
				kind = upToNextMajorVersion;
				minimumVersion = 5.8.1;
			};
		};
		26DDAD592B34B463001856A6 /* XCRemoteSwiftPackageReference "Swinject" */ = {
			isa = XCRemoteSwiftPackageReference;
			repositoryURL = "https://github.com/Swinject/Swinject";
			requirement = {
				kind = upToNextMajorVersion;
				minimumVersion = 2.8.4;
			};
		};
/* End XCRemoteSwiftPackageReference section */

/* Begin XCSwiftPackageProductDependency section */
		26DDAD572B34B3AB001856A6 /* Alamofire */ = {
			isa = XCSwiftPackageProductDependency;
			package = 26DDAD562B34B3AB001856A6 /* XCRemoteSwiftPackageReference "Alamofire" */;
			productName = Alamofire;
		};
		26DDAD5A2B34B463001856A6 /* Swinject */ = {
			isa = XCSwiftPackageProductDependency;
			package = 26DDAD592B34B463001856A6 /* XCRemoteSwiftPackageReference "Swinject" */;
			productName = Swinject;
		};
/* End XCSwiftPackageProductDependency section */
	};
	rootObject = 26DDAD3D2B3353F5001856A6 /* Project object */;
}
